
Microsoft Visual Studio Solution File, Format Version 12.00
# Visual Studio Version 17
VisualStudioVersion = 17.0.31903.59
MinimumVisualStudioVersion = 10.0.40219.1
Project("{8BC9CEB8-8B4A-11D0-8D11-00A0C91BC942}") = "armory", "armory\armory.vcxproj", "{39433A4B-38DE-44A4-9A6B-710294324E7F}"
EndProject
Project("{8BC9CEB8-8B4A-11D0-8D11-00A0C91BC942}") = "affix-base", "..\affix-base\affix-base\affix-base.vcxproj", "{7B4BFEE2-AC81-40CE-A365-529CFC1111B3}"
EndProject
Project("{8BC9CEB8-8B4A-11D0-8D11-00A0C91BC942}") = "cryptlib", "..\affix-base\cryptopp\cryptlib.vcxproj", "{C39F4B46-6E89-4074-902E-CA57073044D2}"
EndProject
Project("{54435603-DBB4-11D2-8724-00A0C9A8B90C}") = "armory_setup", "armory_setup\armory_setup.vdproj", "{21230C63-7C26-4ED3-91E6-A1C582BD0251}"
EndProject
Global
	GlobalSection(SolutionConfigurationPlatforms) = preSolution
		Debug|x64 = Debug|x64
		Debug|x86 = Debug|x86
		DLL-Import Debug|x64 = DLL-Import Debug|x64
		DLL-Import Debug|x86 = DLL-Import Debug|x86
		DLL-Import Release|x64 = DLL-Import Release|x64
		DLL-Import Release|x86 = DLL-Import Release|x86
		Release|x64 = Release|x64
		Release|x86 = Release|x86
		Standalone Debug|x64 = Standalone Debug|x64
		Standalone Debug|x86 = Standalone Debug|x86
		Standalone Release|x64 = Standalone Release|x64
		Standalone Release|x86 = Standalone Release|x86
	EndGlobalSection
	GlobalSection(ProjectConfigurationPlatforms) = postSolution
		{39433A4B-38DE-44A4-9A6B-710294324E7F}.Debug|x64.ActiveCfg = Debug|x64
		{39433A4B-38DE-44A4-9A6B-710294324E7F}.Debug|x64.Build.0 = Debug|x64
		{39433A4B-38DE-44A4-9A6B-710294324E7F}.Debug|x86.ActiveCfg = Debug|Win32
		{39433A4B-38DE-44A4-9A6B-710294324E7F}.Debug|x86.Build.0 = Debug|Win32
		{39433A4B-38DE-44A4-9A6B-710294324E7F}.DLL-Import Debug|x64.ActiveCfg = Debug|x64
		{39433A4B-38DE-44A4-9A6B-710294324E7F}.DLL-Import Debug|x64.Build.0 = Debug|x64
		{39433A4B-38DE-44A4-9A6B-710294324E7F}.DLL-Import Debug|x86.ActiveCfg = Debug|Win32
		{39433A4B-38DE-44A4-9A6B-710294324E7F}.DLL-Import Debug|x86.Build.0 = Debug|Win32
		{39433A4B-38DE-44A4-9A6B-710294324E7F}.DLL-Import Release|x64.ActiveCfg = Release|x64
		{39433A4B-38DE-44A4-9A6B-710294324E7F}.DLL-Import Release|x64.Build.0 = Release|x64
		{39433A4B-38DE-44A4-9A6B-710294324E7F}.DLL-Import Release|x86.ActiveCfg = Release|Win32
		{39433A4B-38DE-44A4-9A6B-710294324E7F}.DLL-Import Release|x86.Build.0 = Release|Win32
		{39433A4B-38DE-44A4-9A6B-710294324E7F}.Release|x64.ActiveCfg = Release|x64
		{39433A4B-38DE-44A4-9A6B-710294324E7F}.Release|x64.Build.0 = Release|x64
		{39433A4B-38DE-44A4-9A6B-710294324E7F}.Release|x86.ActiveCfg = Release|Win32
		{39433A4B-38DE-44A4-9A6B-710294324E7F}.Release|x86.Build.0 = Release|Win32
		{39433A4B-38DE-44A4-9A6B-710294324E7F}.Standalone Debug|x64.ActiveCfg = Debug|x64
		{39433A4B-38DE-44A4-9A6B-710294324E7F}.Standalone Debug|x64.Build.0 = Debug|x64
		{39433A4B-38DE-44A4-9A6B-710294324E7F}.Standalone Debug|x86.ActiveCfg = Debug|Win32
		{39433A4B-38DE-44A4-9A6B-710294324E7F}.Standalone Debug|x86.Build.0 = Debug|Win32
		{39433A4B-38DE-44A4-9A6B-710294324E7F}.Standalone Release|x64.ActiveCfg = Release|x64
		{39433A4B-38DE-44A4-9A6B-710294324E7F}.Standalone Release|x64.Build.0 = Release|x64
		{39433A4B-38DE-44A4-9A6B-710294324E7F}.Standalone Release|x86.ActiveCfg = Release|Win32
		{39433A4B-38DE-44A4-9A6B-710294324E7F}.Standalone Release|x86.Build.0 = Release|Win32
		{7B4BFEE2-AC81-40CE-A365-529CFC1111B3}.Debug|x64.ActiveCfg = Debug|x64
		{7B4BFEE2-AC81-40CE-A365-529CFC1111B3}.Debug|x64.Build.0 = Debug|x64
		{7B4BFEE2-AC81-40CE-A365-529CFC1111B3}.Debug|x86.ActiveCfg = Debug|Win32
		{7B4BFEE2-AC81-40CE-A365-529CFC1111B3}.Debug|x86.Build.0 = Debug|Win32
		{7B4BFEE2-AC81-40CE-A365-529CFC1111B3}.DLL-Import Debug|x64.ActiveCfg = Debug|x64
		{7B4BFEE2-AC81-40CE-A365-529CFC1111B3}.DLL-Import Debug|x64.Build.0 = Debug|x64
		{7B4BFEE2-AC81-40CE-A365-529CFC1111B3}.DLL-Import Debug|x86.ActiveCfg = Debug|Win32
		{7B4BFEE2-AC81-40CE-A365-529CFC1111B3}.DLL-Import Debug|x86.Build.0 = Debug|Win32
		{7B4BFEE2-AC81-40CE-A365-529CFC1111B3}.DLL-Import Release|x64.ActiveCfg = Release|x64
		{7B4BFEE2-AC81-40CE-A365-529CFC1111B3}.DLL-Import Release|x64.Build.0 = Release|x64
		{7B4BFEE2-AC81-40CE-A365-529CFC1111B3}.DLL-Import Release|x86.ActiveCfg = Release|Win32
		{7B4BFEE2-AC81-40CE-A365-529CFC1111B3}.DLL-Import Release|x86.Build.0 = Release|Win32
		{7B4BFEE2-AC81-40CE-A365-529CFC1111B3}.Release|x64.ActiveCfg = Release|x64
		{7B4BFEE2-AC81-40CE-A365-529CFC1111B3}.Release|x64.Build.0 = Release|x64
		{7B4BFEE2-AC81-40CE-A365-529CFC1111B3}.Release|x86.ActiveCfg = Release|Win32
		{7B4BFEE2-AC81-40CE-A365-529CFC1111B3}.Release|x86.Build.0 = Release|Win32
		{7B4BFEE2-AC81-40CE-A365-529CFC1111B3}.Standalone Debug|x64.ActiveCfg = Standalone Debug|x64
		{7B4BFEE2-AC81-40CE-A365-529CFC1111B3}.Standalone Debug|x64.Build.0 = Standalone Debug|x64
		{7B4BFEE2-AC81-40CE-A365-529CFC1111B3}.Standalone Debug|x86.ActiveCfg = Standalone Debug|Win32
		{7B4BFEE2-AC81-40CE-A365-529CFC1111B3}.Standalone Debug|x86.Build.0 = Standalone Debug|Win32
		{7B4BFEE2-AC81-40CE-A365-529CFC1111B3}.Standalone Release|x64.ActiveCfg = Standalone Release|x64
		{7B4BFEE2-AC81-40CE-A365-529CFC1111B3}.Standalone Release|x64.Build.0 = Standalone Release|x64
		{7B4BFEE2-AC81-40CE-A365-529CFC1111B3}.Standalone Release|x86.ActiveCfg = Standalone Release|Win32
		{7B4BFEE2-AC81-40CE-A365-529CFC1111B3}.Standalone Release|x86.Build.0 = Standalone Release|Win32
		{C39F4B46-6E89-4074-902E-CA57073044D2}.Debug|x64.ActiveCfg = Debug|x64
		{C39F4B46-6E89-4074-902E-CA57073044D2}.Debug|x64.Build.0 = Debug|x64
		{C39F4B46-6E89-4074-902E-CA57073044D2}.Debug|x86.ActiveCfg = Debug|Win32
		{C39F4B46-6E89-4074-902E-CA57073044D2}.Debug|x86.Build.0 = Debug|Win32
		{C39F4B46-6E89-4074-902E-CA57073044D2}.DLL-Import Debug|x64.ActiveCfg = DLL-Import Debug|x64
		{C39F4B46-6E89-4074-902E-CA57073044D2}.DLL-Import Debug|x64.Build.0 = DLL-Import Debug|x64
		{C39F4B46-6E89-4074-902E-CA57073044D2}.DLL-Import Debug|x86.ActiveCfg = DLL-Import Debug|Win32
		{C39F4B46-6E89-4074-902E-CA57073044D2}.DLL-Import Debug|x86.Build.0 = DLL-Import Debug|Win32
		{C39F4B46-6E89-4074-902E-CA57073044D2}.DLL-Import Release|x64.ActiveCfg = DLL-Import Release|x64
		{C39F4B46-6E89-4074-902E-CA57073044D2}.DLL-Import Release|x64.Build.0 = DLL-Import Release|x64
		{C39F4B46-6E89-4074-902E-CA57073044D2}.DLL-Import Release|x86.ActiveCfg = DLL-Import Release|Win32
		{C39F4B46-6E89-4074-902E-CA57073044D2}.DLL-Import Release|x86.Build.0 = DLL-Import Release|Win32
		{C39F4B46-6E89-4074-902E-CA57073044D2}.Release|x64.ActiveCfg = Release|x64
		{C39F4B46-6E89-4074-902E-CA57073044D2}.Release|x64.Build.0 = Release|x64
		{C39F4B46-6E89-4074-902E-CA57073044D2}.Release|x86.ActiveCfg = Release|Win32
		{C39F4B46-6E89-4074-902E-CA57073044D2}.Release|x86.Build.0 = Release|Win32
		{C39F4B46-6E89-4074-902E-CA57073044D2}.Standalone Debug|x64.ActiveCfg = Debug|x64
		{C39F4B46-6E89-4074-902E-CA57073044D2}.Standalone Debug|x64.Build.0 = Debug|x64
		{C39F4B46-6E89-4074-902E-CA57073044D2}.Standalone Debug|x86.ActiveCfg = Debug|Win32
		{C39F4B46-6E89-4074-902E-CA57073044D2}.Standalone Debug|x86.Build.0 = Debug|Win32
		{C39F4B46-6E89-4074-902E-CA57073044D2}.Standalone Release|x64.ActiveCfg = Release|x64
		{C39F4B46-6E89-4074-902E-CA57073044D2}.Standalone Release|x64.Build.0 = Release|x64
		{C39F4B46-6E89-4074-902E-CA57073044D2}.Standalone Release|x86.ActiveCfg = Release|Win32
		{C39F4B46-6E89-4074-902E-CA57073044D2}.Standalone Release|x86.Build.0 = Release|Win32
		{21230C63-7C26-4ED3-91E6-A1C582BD0251}.Debug|x64.ActiveCfg = Debug
		{21230C63-7C26-4ED3-91E6-A1C582BD0251}.Debug|x86.ActiveCfg = Debug
		{21230C63-7C26-4ED3-91E6-A1C582BD0251}.DLL-Import Debug|x64.ActiveCfg = Debug
		{21230C63-7C26-4ED3-91E6-A1C582BD0251}.DLL-Import Debug|x86.ActiveCfg = Debug
		{21230C63-7C26-4ED3-91E6-A1C582BD0251}.DLL-Import Release|x64.ActiveCfg = Release
		{21230C63-7C26-4ED3-91E6-A1C582BD0251}.DLL-Import Release|x86.ActiveCfg = Release
		{21230C63-7C26-4ED3-91E6-A1C582BD0251}.Release|x64.ActiveCfg = Release
		{21230C63-7C26-4ED3-91E6-A1C582BD0251}.Release|x86.ActiveCfg = Release
		{21230C63-7C26-4ED3-91E6-A1C582BD0251}.Standalone Debug|x64.ActiveCfg = Debug
		{21230C63-7C26-4ED3-91E6-A1C582BD0251}.Standalone Debug|x86.ActiveCfg = Debug
		{21230C63-7C26-4ED3-91E6-A1C582BD0251}.Standalone Release|x64.ActiveCfg = Release
		{21230C63-7C26-4ED3-91E6-A1C582BD0251}.Standalone Release|x86.ActiveCfg = Release
	EndGlobalSection
	GlobalSection(SolutionProperties) = preSolution
		HideSolutionNode = FALSE
	EndGlobalSection
	GlobalSection(ExtensibilityGlobals) = postSolution
		SolutionGuid = {46286148-164F-4653-99EA-0B548FDB339B}
	EndGlobalSection
EndGlobal
